// !$*UTF8*$!
{
	archiveVersion = 1;
	classes = {
	};
	objectVersion = 46;
	objects = {

/* Begin PBXBuildFile section */
		28A529581F30861700696DBB /* main.m in Sources */ = {isa = PBXBuildFile; fileRef = 28A529571F30861700696DBB /* main.m */; };
		28A5295B1F30861700696DBB /* AppDelegate.m in Sources */ = {isa = PBXBuildFile; fileRef = 28A5295A1F30861700696DBB /* AppDelegate.m */; };
		28A5295E1F30861700696DBB /* ViewController.m in Sources */ = {isa = PBXBuildFile; fileRef = 28A5295D1F30861700696DBB /* ViewController.m */; };
		28A529611F30861700696DBB /* Main.storyboard in Resources */ = {isa = PBXBuildFile; fileRef = 28A5295F1F30861700696DBB /* Main.storyboard */; };
		28A529631F30861700696DBB /* Assets.xcassets in Resources */ = {isa = PBXBuildFile; fileRef = 28A529621F30861700696DBB /* Assets.xcassets */; };
		28A529661F30861700696DBB /* LaunchScreen.storyboard in Resources */ = {isa = PBXBuildFile; fileRef = 28A529641F30861700696DBB /* LaunchScreen.storyboard */; };
/* End PBXBuildFile section */

/* Begin PBXFileReference section */
		28A529531F30861700696DBB /* Patterns_8_Facade.app */ = {isa = PBXFileReference; explicitFileType = wrapper.application; includeInIndex = 0; path = Patterns_8_Facade.app; sourceTree = BUILT_PRODUCTS_DIR; };
		28A529571F30861700696DBB /* main.m */ = {isa = PBXFileReference; lastKnownFileType = sourcecode.c.objc; path = main.m; sourceTree = "<group>"; };
		28A529591F30861700696DBB /* AppDelegate.h */ = {isa = PBXFileReference; lastKnownFileType = sourcecode.c.h; path = AppDelegate.h; sourceTree = "<group>"; };
		28A5295A1F30861700696DBB /* AppDelegate.m */ = {isa = PBXFileReference; lastKnownFileType = sourcecode.c.objc; path = AppDelegate.m; sourceTree = "<group>"; };
		28A5295C1F30861700696DBB /* ViewController.h */ = {isa = PBXFileReference; lastKnownFileType = sourcecode.c.h; path = ViewController.h; sourceTree = "<group>"; };
		28A5295D1F30861700696DBB /* ViewController.m */ = {isa = PBXFileReference; lastKnownFileType = sourcecode.c.objc; path = ViewController.m; sourceTree = "<group>"; };
		28A529601F30861700696DBB /* Base */ = {isa = PBXFileReference; lastKnownFileType = file.storyboard; name = Base; path = Base.lproj/Main.storyboard; sourceTree = "<group>"; };
		28A529621F30861700696DBB /* Assets.xcassets */ = {isa = PBXFileReference; lastKnownFileType = folder.assetcatalog; path = Assets.xcassets; sourceTree = "<group>"; };
		28A529651F30861700696DBB /* Base */ = {isa = PBXFileReference; lastKnownFileType = file.storyboard; name = Base; path = Base.lproj/LaunchScreen.storyboard; sourceTree = "<group>"; };
		28A529671F30861700696DBB /* Info.plist */ = {isa = PBXFileReference; lastKnownFileType = text.plist.xml; path = Info.plist; sourceTree = "<group>"; };
/* End PBXFileReference section */

/* Begin PBXFrameworksBuildPhase section */
		28A529501F30861700696DBB /* Frameworks */ = {
			isa = PBXFrameworksBuildPhase;
			buildActionMask = 2147483647;
			files = (
			);
			runOnlyForDeploymentPostprocessing = 0;
		};
/* End PBXFrameworksBuildPhase section */

/* Begin PBXGroup section */
		28A5294A1F30861700696DBB = {
			isa = PBXGroup;
			children = (
				28A529551F30861700696DBB /* Patterns_8_Facade */,
				28A529541F30861700696DBB /* Products */,
			);
			sourceTree = "<group>";
		};
		28A529541F30861700696DBB /* Products */ = {
			isa = PBXGroup;
			children = (
				28A529531F30861700696DBB /* Patterns_8_Facade.app */,
			);
			name = Products;
			sourceTree = "<group>";
		};
		28A529551F30861700696DBB /* Patterns_8_Facade */ = {
			isa = PBXGroup;
			children = (
				28A529591F30861700696DBB /* AppDelegate.h */,
				28A5295A1F30861700696DBB /* AppDelegate.m */,
				28A5295C1F30861700696DBB /* ViewController.h */,
				28A5295D1F30861700696DBB /* ViewController.m */,
				28A5295F1F30861700696DBB /* Main.storyboard */,
				28A529621F30861700696DBB /* Assets.xcassets */,
				28A529641F30861700696DBB /* LaunchScreen.storyboard */,
				28A529671F30861700696DBB /* Info.plist */,
				28A529561F30861700696DBB /* Supporting Files */,
			);
			path = Patterns_8_Facade;
			sourceTree = "<group>";
		};
		28A529561F30861700696DBB /* Supporting Files */ = {
			isa = PBXGroup;
			children = (
				28A529571F30861700696DBB /* main.m */,
			);
			name = "Supporting Files";
			sourceTree = "<group>";
		};
/* End PBXGroup section */

/* Begin PBXNativeTarget section */
		28A529521F30861700696DBB /* Patterns_8_Facade */ = {
			isa = PBXNativeTarget;
			buildConfigurationList = 28A5296A1F30861700696DBB /* Build configuration list for PBXNativeTarget "Patterns_8_Facade" */;
			buildPhases = (
				28A5294F1F30861700696DBB /* Sources */,
				28A529501F30861700696DBB /* Frameworks */,
				28A529511F30861700696DBB /* Resources */,
			);
			buildRules = (
			);
			dependencies = (
			);
			name = Patterns_8_Facade;
			productName = Patterns_8_Facade;
			productReference = 28A529531F30861700696DBB /* Patterns_8_Facade.app */;
			productType = "com.apple.product-type.application";
		};
/* End PBXNativeTarget section */

/* Begin PBXProject section */
		28A5294B1F30861700696DBB /* Project object */ = {
			isa = PBXProject;
			attributes = {
				LastUpgradeCheck = 0830;
				ORGANIZATIONNAME = "Алмакаев Ильяс";
				TargetAttributes = {
					28A529521F30861700696DBB = {
						CreatedOnToolsVersion = 8.3.3;
						DevelopmentTeam = Z22AZT98DV;
						ProvisioningStyle = Automatic;
					};
				};
			};
			buildConfigurationList = 28A5294E1F30861700696DBB /* Build configuration list for PBXProject "Patterns_8_Facade" */;
			compatibilityVersion = "Xcode 3.2";
			developmentRegion = English;
			hasScannedForEncodings = 0;
			knownRegions = (
				en,
				Base,
			);
			mainGroup = 28A5294A1F30861700696DBB;
			productRefGroup = 28A529541F30861700696DBB /* Products */;
			projectDirPath = "";
			projectRoot = "";
			targets = (
				28A529521F30861700696DBB /* Patterns_8_Facade */,
			);
		};
/* End PBXProject section */

/* Begin PBXResourcesBuildPhase section */
		28A529511F30861700696DBB /* Resources */ = {
			isa = PBXResourcesBuildPhase;
			buildActionMask = 2147483647;
			files = (
				28A529661F30861700696DBB /* LaunchScreen.storyboard in Resources */,
				28A529631F30861700696DBB /* Assets.xcassets in Resources */,
				28A529611F30861700696DBB /* Main.storyboard in Resources */,
			);
			runOnlyForDeploymentPostprocessing = 0;
		};
/* End PBXResourcesBuildPhase section */

/* Begin PBXSourcesBuildPhase section */
		28A5294F1F30861700696DBB /* Sources */ = {
			isa = PBXSourcesBuildPhase;
			buildActionMask = 2147483647;
			files = (
				28A5295E1F30861700696DBB /* ViewController.m in Sources */,
				28A5295B1F30861700696DBB /* AppDelegate.m in Sources */,
				28A529581F30861700696DBB /* main.m in Sources */,
			);
			runOnlyForDeploymentPostprocessing = 0;
		};
/* End PBXSourcesBuildPhase section */

/* Begin PBXVariantGroup section */
		28A5295F1F30861700696DBB /* Main.storyboard */ = {
			isa = PBXVariantGroup;
			children = (
				28A529601F30861700696DBB /* Base */,
			);
			name = Main.storyboard;
			sourceTree = "<group>";
		};
		28A529641F30861700696DBB /* LaunchScreen.storyboard */ = {
			isa = PBXVariantGroup;
			children = (
				28A529651F30861700696DBB /* Base */,
			);
			name = LaunchScreen.storyboard;
			sourceTree = "<group>";
		};
/* End PBXVariantGroup section */

/* Begin XCBuildConfiguration section */
		28A529681F30861700696DBB /* Debug */ = {
			isa = XCBuildConfiguration;
			buildSettings = {
				ALWAYS_SEARCH_USER_PATHS = NO;
				CLANG_ANALYZER_NONNULL = YES;
				CLANG_ANALYZER_NUMBER_OBJECT_CONVERSION = YES_AGGRESSIVE;
				CLANG_CXX_LANGUAGE_STANDARD = "gnu++0x";
				CLANG_CXX_LIBRARY = "libc++";
				CLANG_ENABLE_MODULES = YES;
				CLANG_ENABLE_OBJC_ARC = YES;
				CLANG_WARN_BOOL_CONVERSION = YES;
				CLANG_WARN_CONSTANT_CONVERSION = YES;
				CLANG_WARN_DIRECT_OBJC_ISA_USAGE = YES_ERROR;
				CLANG_WARN_DOCUMENTATION_COMMENTS = YES;
				CLANG_WARN_EMPTY_BODY = YES;
				CLANG_WARN_ENUM_CONVERSION = YES;
				CLANG_WARN_INFINITE_RECURSION = YES;
				CLANG_WARN_INT_CONVERSION = YES;
				CLANG_WARN_OBJC_ROOT_CLASS = YES_ERROR;
				CLANG_WARN_SUSPICIOUS_MOVE = YES;
				CLANG_WARN_UNREACHABLE_CODE = YES;
				CLANG_WARN__DUPLICATE_METHOD_MATCH = YES;
				"CODE_SIGN_IDENTITY[sdk=iphoneos*]" = "iPhone Developer";
				COPY_PHASE_STRIP = NO;
				DEBUG_INFORMATION_FORMAT = dwarf;
				ENABLE_STRICT_OBJC_MSGSEND = YES;
				ENABLE_TESTABILITY = YES;
				GCC_C_LANGUAGE_STANDARD = gnu99;
				GCC_DYNAMIC_NO_PIC = NO;
				GCC_NO_COMMON_BLOCKS = YES;
				GCC_OPTIMIZATION_LEVEL = 0;
				GCC_PREPROCESSOR_DEFINITIONS = (
					"DEBUG=1",
					"$(inherited)",
				);
				GCC_WARN_64_TO_32_BIT_CONVERSION = YES;
				GCC_WARN_ABOUT_RETURN_TYPE = YES_ERROR;
				GCC_WARN_UNDECLARED_SELECTOR = YES;
				GCC_WARN_UNINITIALIZED_AUTOS = YES_AGGRESSIVE;
				GCC_WARN_UNUSED_FUNCTION = YES;
				GCC_WARN_UNUSED_VARIABLE = YES;
				IPHONEOS_DEPLOYMENT_TARGET = 10.3;
				MTL_ENABLE_DEBUG_INFO = YES;
				ONLY_ACTIVE_ARCH = YES;
				SDKROOT = iphoneos;
				TARGETED_DEVICE_FAMILY = "1,2";
			};
			name = Debug;
		};
		28A529691F30861700696DBB /* Release */ = {
			isa = XCBuildConfiguration;
			buildSettings = {
				ALWAYS_SEARCH_USER_PATHS = NO;
				CLANG_ANALYZER_NONNULL = YES;
				CLANG_ANALYZER_NUMBER_OBJECT_CONVERSION = YES_AGGRESSIVE;
				CLANG_CXX_LANGUAGE_STANDARD = "gnu++0x";
				CLANG_CXX_LIBRARY = "libc++";
				CLANG_ENABLE_MODULES = YES;
				CLANG_ENABLE_OBJC_ARC = YES;
				CLANG_WARN_BOOL_CONVERSION = YES;
				CLANG_WARN_CONSTANT_CONVERSION = YES;
				CLANG_WARN_DIRECT_OBJC_ISA_USAGE = YES_ERROR;
				CLANG_WARN_DOCUMENTATION_COMMENTS = YES;
				CLANG_WARN_EMPTY_BODY = YES;
				CLANG_WARN_ENUM_CONVERSION = YES;
				CLANG_WARN_INFINITE_RECURSION = YES;
				CLANG_WARN_INT_CONVERSION = YES;
				CLANG_WARN_OBJC_ROOT_CLASS = YES_ERROR;
				CLANG_WARN_SUSPICIOUS_MOVE = YES;
				CLANG_WARN_UNREACHABLE_CODE = YES;
				CLANG_WARN__DUPLICATE_METHOD_MATCH = YES;
				"CODE_SIGN_IDENTITY[sdk=iphoneos*]" = "iPhone Developer";
				COPY_PHASE_STRIP = NO;
				DEBUG_INFORMATION_FORMAT = "dwarf-with-dsym";
				ENABLE_NS_ASSERTIONS = NO;
				ENABLE_STRICT_OBJC_MSGSEND = YES;
				GCC_C_LANGUAGE_STANDARD = gnu99;
				GCC_NO_COMMON_BLOCKS = YES;
				GCC_WARN_64_TO_32_BIT_CONVERSION = YES;
				GCC_WARN_ABOUT_RETURN_TYPE = YES_ERROR;
				GCC_WARN_UNDECLARED_SELECTOR = YES;
				GCC_WARN_UNINITIALIZED_AUTOS = YES_AGGRESSIVE;
				GCC_WARN_UNUSED_FUNCTION = YES;
				GCC_WARN_UNUSED_VARIABLE = YES;
				IPHONEOS_DEPLOYMENT_TARGET = 10.3;
				MTL_ENABLE_DEBUG_INFO = NO;
				SDKROOT = iphoneos;
				TARGETED_DEVICE_FAMILY = "1,2";
				VALIDATE_PRODUCT = YES;
			};
			name = Release;
		};
		28A5296B1F30861700696DBB /* Debug */ = {
			isa = XCBuildConfiguration;
			buildSettings = {
				ASSETCATALOG_COMPILER_APPICON_NAME = AppIcon;
				DEVELOPMENT_TEAM = Z22AZT98DV;
				INFOPLIST_FILE = Patterns_8_Facade/Info.plist;
				LD_RUNPATH_SEARCH_PATHS = "$(inherited) @executable_path/Frameworks";
				PRODUCT_BUNDLE_IDENTIFIER = "AI.Patterns-8-Facade";
				PRODUCT_NAME = "$(TARGET_NAME)";
			};
			name = Debug;
		};
		28A5296C1F30861700696DBB /* Release */ = {
			isa = XCBuildConfiguration;
			buildSettings = {
				ASSETCATALOG_COMPILER_APPICON_NAME = AppIcon;
				DEVELOPMENT_TEAM = Z22AZT98DV;
				INFOPLIST_FILE = Patterns_8_Facade/Info.plist;
				LD_RUNPATH_SEARCH_PATHS = "$(inherited) @executable_path/Frameworks";
				PRODUCT_BUNDLE_IDENTIFIER = "AI.Patterns-8-Facade";
				PRODUCT_NAME = "$(TARGET_NAME)";
			};
			name = Release;
		};
/* End XCBuildConfiguration section */

/* Begin XCConfigurationList section */
		28A5294E1F30861700696DBB /* Build configuration list for PBXProject "Patterns_8_Facade" */ = {
			isa = XCConfigurationList;
			buildConfigurations = (
				28A529681F30861700696DBB /* Debug */,
				28A529691F30861700696DBB /* Release */,
			);
			defaultConfigurationIsVisible = 0;
			defaultConfigurationName = Release;
		};
		28A5296A1F30861700696DBB /* Build configuration list for PBXNativeTarget "Patterns_8_Facade" */ = {
			isa = XCConfigurationList;
			buildConfigurations = (
				28A5296B1F30861700696DBB /* Debug */,
				28A5296C1F30861700696DBB /* Release */,
			);
			defaultConfigurationIsVisible = 0;
		};
/* End XCConfigurationList section */
	};
	rootObject = 28A5294B1F30861700696DBB /* Project object */;
}
